<?xml version="1.0" encoding="utf-8"?>
<Project ToolsVersion="4.0" xmlns="http://schemas.microsoft.com/developer/msbuild/2003">
  <ItemGroup>
    <Filter Include="Content">
      <UniqueIdentifier>{34568d0d-1a3e-46b2-b35e-f7aa5dd2b523}</UniqueIdentifier>
    </Filter>
    <Filter Include="Content\Shaders">
      <UniqueIdentifier>{440cadc1-ccea-4da6-b90b-4947429f8449}</UniqueIdentifier>
    </Filter>
    <Filter Include="Content\Textures">
      <UniqueIdentifier>{6640aa9b-cf49-4497-b69f-e864efb33e19}</UniqueIdentifier>
    </Filter>
    <Filter Include="Content\Models">
      <UniqueIdentifier>{c9d70e1a-0171-41fe-8b98-e9a26f1e2f88}</UniqueIdentifier>
    </Filter>
    <Filter Include="Header Files">
      <UniqueIdentifier>{f9de7ee2-0245-45e0-a4ae-60c3a89ad608}</UniqueIdentifier>
    </Filter>
    <Filter Include="Source Files">
      <UniqueIdentifier>{09afc611-f012-4761-897b-973fbd52c739}</UniqueIdentifier>
    </Filter>
    <Filter Include="Source Files\Demos">
      <UniqueIdentifier>{ccc4d77a-f589-4923-b4f0-4a35b99bade9}</UniqueIdentifier>
    </Filter>
    <Filter Include="Header Files\Demos">
      <UniqueIdentifier>{a1988f3b-e102-47d5-a7ea-05e95362579e}</UniqueIdentifier>
    </Filter>
    <Filter Include="Content\Fonts">
      <UniqueIdentifier>{8997427f-d992-4e73-b0e8-bb883d5f889d}</UniqueIdentifier>
    </Filter>
  </ItemGroup>
  <ItemGroup>
    <FxCompile Include="$(MSBuildThisFileDirectory)Content\Shaders\ColoredTrianglePS.hlsl">
      <Filter>Content\Shaders</Filter>
    </FxCompile>
    <FxCompile Include="$(MSBuildThisFileDirectory)Content\Shaders\ColoredTriangleVS.hlsl">
      <Filter>Content\Shaders</Filter>
    </FxCompile>
    <FxCompile Include="$(MSBuildThisFileDirectory)Content\Shaders\PointDemoPS.hlsl">
      <Filter>Content\Shaders</Filter>
    </FxCompile>
    <FxCompile Include="$(MSBuildThisFileDirectory)Content\Shaders\PointDemoVS.hlsl">
      <Filter>Content\Shaders</Filter>
    </FxCompile>
    <FxCompile Include="$(MSBuildThisFileDirectory)Content\Shaders\RotatingCubeVS.hlsl">
      <Filter>Content\Shaders</Filter>
    </FxCompile>
    <FxCompile Include="$(MSBuildThisFileDirectory)Content\Shaders\RotatingCubePS.hlsl">
      <Filter>Content\Shaders</Filter>
    </FxCompile>
    <FxCompile Include="$(MSBuildThisFileDirectory)Content\Shaders\TexturedSphereVS.hlsl">
      <Filter>Content\Shaders</Filter>
    </FxCompile>
    <FxCompile Include="$(MSBuildThisFileDirectory)Content\Shaders\TexturedSpherePS.hlsl">
      <Filter>Content\Shaders</Filter>
    </FxCompile>
    <FxCompile Include="$(MSBuildThisFileDirectory)Content\Shaders\PointLightDemoVS.hlsl">
      <Filter>Content\Shaders</Filter>
    </FxCompile>
    <FxCompile Include="$(MSBuildThisFileDirectory)Content\Shaders\PointLightDemoPS.hlsl">
      <Filter>Content\Shaders</Filter>
    </FxCompile>
    <FxCompile Include="$(MSBuildThisFileDirectory)Content\Shaders\ProxyModelVS.hlsl">
      <Filter>Content\Shaders</Filter>
    </FxCompile>
    <FxCompile Include="$(MSBuildThisFileDirectory)Content\Shaders\ProxyModelPS.hlsl">
      <Filter>Content\Shaders</Filter>
    </FxCompile>
    <FxCompile Include="$(MSBuildThisFileDirectory)Content\Shaders\BlinnPhongDemoPS.hlsl">
      <Filter>Content\Shaders</Filter>
    </FxCompile>
    <FxCompile Include="$(MSBuildThisFileDirectory)Content\Shaders\BlinnPhongDemoVS.hlsl">
      <Filter>Content\Shaders</Filter>
    </FxCompile>
    <FxCompile Include="$(MSBuildThisFileDirectory)Content\Shaders\EnvironmentMappingDemoPS.hlsl">
      <Filter>Content\Shaders</Filter>
    </FxCompile>
    <FxCompile Include="$(MSBuildThisFileDirectory)Content\Shaders\EnvironmentMappingDemoVS.hlsl">
      <Filter>Content\Shaders</Filter>
    </FxCompile>
    <FxCompile Include="$(MSBuildThisFileDirectory)Content\Shaders\FogDemoPS.hlsl">
      <Filter>Content\Shaders</Filter>
    </FxCompile>
    <FxCompile Include="$(MSBuildThisFileDirectory)Content\Shaders\FogDemoVS.hlsl">
      <Filter>Content\Shaders</Filter>
    </FxCompile>
    <FxCompile Include="$(MSBuildThisFileDirectory)Content\Shaders\SkyboxPS.hlsl">
      <Filter>Content\Shaders</Filter>
    </FxCompile>
    <FxCompile Include="$(MSBuildThisFileDirectory)Content\Shaders\SkyboxVS.hlsl">
      <Filter>Content\Shaders</Filter>
    </FxCompile>
    <FxCompile Include="$(MSBuildThisFileDirectory)Content\Shaders\TransparencyMappingDemoPS.hlsl">
      <Filter>Content\Shaders</Filter>
    </FxCompile>
    <FxCompile Include="$(MSBuildThisFileDirectory)Content\Shaders\TransparencyMappingDemoVS.hlsl">
      <Filter>Content\Shaders</Filter>
    </FxCompile>
    <FxCompile Include="$(MSBuildThisFileDirectory)Content\Shaders\GrayScalePS.hlsl">
      <Filter>Content\Shaders</Filter>
    </FxCompile>
    <FxCompile Include="$(MSBuildThisFileDirectory)Content\Shaders\FullScreenQuadVS.hlsl">
      <Filter>Content\Shaders</Filter>
    </FxCompile>
    <FxCompile Include="$(MSBuildThisFileDirectory)Content\Shaders\SepiaPS.hlsl">
      <Filter>Content\Shaders</Filter>
    </FxCompile>
    <FxCompile Include="$(MSBuildThisFileDirectory)Content\Shaders\InverseColorPS.hlsl">
      <Filter>Content\Shaders</Filter>
    </FxCompile>
    <FxCompile Include="$(MSBuildThisFileDirectory)Content\Shaders\GenericFilterPS.hlsl">
      <Filter>Content\Shaders</Filter>
    </FxCompile>
    <FxCompile Include="$(MSBuildThisFileDirectory)Content\Shaders\FrustumModelVS.hlsl">
      <Filter>Content\Shaders</Filter>
    </FxCompile>
    <FxCompile Include="$(MSBuildThisFileDirectory)Content\Shaders\FrustumModelPS.hlsl">
      <Filter>Content\Shaders</Filter>
    </FxCompile>
    <FxCompile Include="$(MSBuildThisFileDirectory)Content\Shaders\DepthMapVS.hlsl">
      <Filter>Content\Shaders</Filter>
    </FxCompile>
    <FxCompile Include="$(MSBuildThisFileDirectory)Content\Shaders\ShadowMappingDemoPS.hlsl">
      <Filter>Content\Shaders</Filter>
    </FxCompile>
    <FxCompile Include="$(MSBuildThisFileDirectory)Content\Shaders\ShadowMappingDemoVS.hlsl">
      <Filter>Content\Shaders</Filter>
    </FxCompile>
    <FxCompile Include="$(MSBuildThisFileDirectory)Content\Shaders\AnimationDemoPS.hlsl">
      <Filter>Content\Shaders</Filter>
    </FxCompile>
    <FxCompile Include="$(MSBuildThisFileDirectory)Content\Shaders\AnimationDemoVS.hlsl">
      <Filter>Content\Shaders</Filter>
    </FxCompile>
  </ItemGroup>
  <ItemGroup>
    <ClInclude Include="$(MSBuildThisFileDirectory)RenderingGame.h">
      <Filter>Header Files</Filter>
    </ClInclude>
    <ClInclude Include="$(MSBuildThisFileDirectory)RotatingCubeDemo.h">
      <Filter>Header Files\Demos</Filter>
    </ClInclude>
    <ClInclude Include="$(MSBuildThisFileDirectory)TexturedSphereDemo.h">
      <Filter>Header Files\Demos</Filter>
    </ClInclude>
    <ClInclude Include="$(MSBuildThisFileDirectory)ColoredTriangleDemo.h">
      <Filter>Header Files\Demos</Filter>
    </ClInclude>
    <ClInclude Include="$(MSBuildThisFileDirectory)PointLightDemo.h">
      <Filter>Header Files\Demos</Filter>
    </ClInclude>
    <ClInclude Include="$(MSBuildThisFileDirectory)BlinnPhongDemo.h">
      <Filter>Header Files\Demos</Filter>
    </ClInclude>
    <ClInclude Include="$(MSBuildThisFileDirectory)DemoSystem.h">
      <Filter>Header Files\Demos</Filter>
    </ClInclude>
    <ClInclude Include="$(MSBuildThisFileDirectory)EnvironmentMappingDemo.h">
      <Filter>Header Files\Demos</Filter>
    </ClInclude>
    <ClInclude Include="$(MSBuildThisFileDirectory)TransparencyMappingDemo.h">
      <Filter>Header Files\Demos</Filter>
    </ClInclude>
    <ClInclude Include="$(MSBuildThisFileDirectory)FogDemo.h">
      <Filter>Header Files\Demos</Filter>
    </ClInclude>
    <ClInclude Include="$(MSBuildThisFileDirectory)ColorFilteringDemo.h">
      <Filter>Header Files\Demos</Filter>
    </ClInclude>
    <ClInclude Include="$(MSBuildThisFileDirectory)ShadowMappingDemo.h">
      <Filter>Header Files\Demos</Filter>
    </ClInclude>
    <ClInclude Include="$(MSBuildThisFileDirectory)AnimationDemo.h">
      <Filter>Header Files\Demos</Filter>
    </ClInclude>
  </ItemGroup>
  <ItemGroup>
    <ClCompile Include="$(MSBuildThisFileDirectory)ColoredTriangleDemo.cpp">
      <Filter>Source Files\Demos</Filter>
    </ClCompile>
    <ClCompile Include="$(MSBuildThisFileDirectory)RotatingCubeDemo.cpp">
      <Filter>Source Files\Demos</Filter>
    </ClCompile>
    <ClCompile Include="$(MSBuildThisFileDirectory)TexturedSphereDemo.cpp">
      <Filter>Source Files\Demos</Filter>
    </ClCompile>
    <ClCompile Include="$(MSBuildThisFileDirectory)RenderingGame.cpp">
      <Filter>Source Files</Filter>
    </ClCompile>
    <ClCompile Include="$(MSBuildThisFileDirectory)PointLightDemo.cpp">
      <Filter>Source Files\Demos</Filter>
    </ClCompile>
    <ClCompile Include="$(MSBuildThisFileDirectory)BlinnPhongDemo.cpp">
      <Filter>Source Files\Demos</Filter>
    </ClCompile>
    <ClCompile Include="$(MSBuildThisFileDirectory)DemoSystem.cpp">
      <Filter>Source Files\Demos</Filter>
    </ClCompile>
    <ClCompile Include="$(MSBuildThisFileDirectory)EnvironmentMappingDemo.cpp">
      <Filter>Source Files\Demos</Filter>
    </ClCompile>
    <ClCompile Include="$(MSBuildThisFileDirectory)TransparencyMappingDemo.cpp">
      <Filter>Source Files\Demos</Filter>
    </ClCompile>
    <ClCompile Include="$(MSBuildThisFileDirectory)FogDemo.cpp">
      <Filter>Source Files\Demos</Filter>
    </ClCompile>
    <ClCompile Include="$(MSBuildThisFileDirectory)ColorFilteringDemo.cpp">
      <Filter>Source Files\Demos</Filter>
    </ClCompile>
    <ClCompile Include="$(MSBuildThisFileDirectory)ShadowMappingDemo.cpp">
      <Filter>Source Files\Demos</Filter>
    </ClCompile>
    <ClCompile Include="$(MSBuildThisFileDirectory)AnimationDemo.cpp">
      <Filter>Source Files\Demos</Filter>
    </ClCompile>
  </ItemGroup>
  <ItemGroup>
    <None Include="$(MSBuildThisFileDirectory)Content\Fonts\Arial_14_Regular.spritefont">
      <Filter>Content\Fonts</Filter>
    </None>
    <None Include="$(MSBuildThisFileDirectory)Content\Models\DirectionalLightProxy.bin">
      <Filter>Content\Models</Filter>
    </None>
    <None Include="$(MSBuildThisFileDirectory)Content\Models\Teapot.bin">
      <Filter>Content\Models</Filter>
    </None>
    <None Include="$(MSBuildThisFileDirectory)Content\Models\Sphere.bin">
      <Filter>Content\Models</Filter>
    </None>
    <None Include="$(MSBuildThisFileDirectory)Content\Models\PointLightProxy.bin">
      <Filter>Content\Models</Filter>
    </None>
    <None Include="$(MSBuildThisFileDirectory)Content\Models\NoTPoseRunning.bin">
      <Filter>Content\Models</Filter>
    </None>
  </ItemGroup>
  <ItemGroup>
    <Image Include="$(MSBuildThisFileDirectory)Content\Textures\EarthComposite.dds">
      <Filter>Content\Textures</Filter>
    </Image>
    <Image Include="$(MSBuildThisFileDirectory)Content\Textures\Earthatday.dds">
      <Filter>Content\Textures</Filter>
    </Image>
    <Image Include="$(MSBuildThisFileDirectory)Content\Textures\Maskonaive2_1024.dds">
      <Filter>Content\Textures</Filter>
    </Image>
    <Image Include="$(MSBuildThisFileDirectory)Content\Textures\AlphaMask_32bpp.png">
      <Filter>Content\Textures</Filter>
    </Image>
    <Image Include="$(MSBuildThisFileDirectory)Content\Textures\Checkerboard.png">
      <Filter>Content\Textures</Filter>
    </Image>
    <Image Include="$(MSBuildThisFileDirectory)Content\Textures\Earthatday_specmap.jpg">
      <Filter>Content\Textures</Filter>
    </Image>
    <Image Include="$(MSBuildThisFileDirectory)Content\Textures\Soldier.png">
      <Filter>Content\Textures</Filter>
    </Image>
  </ItemGroup>
</Project>